// !$*UTF8*$!
{
	archiveVersion = 1;
	classes = {
	};
	objectVersion = 55;
	objects = {

/* Begin PBXBuildFile section */
		5C1F06D5284A424700ECF2DF /* AppDelegate.swift in Sources */ = {isa = PBXBuildFile; fileRef = 5C1F06D4284A424700ECF2DF /* AppDelegate.swift */; };
		5C1F06D7284A424700ECF2DF /* SceneDelegate.swift in Sources */ = {isa = PBXBuildFile; fileRef = 5C1F06D6284A424700ECF2DF /* SceneDelegate.swift */; };
		5C1F06D9284A424700ECF2DF /* ViewController.swift in Sources */ = {isa = PBXBuildFile; fileRef = 5C1F06D8284A424700ECF2DF /* ViewController.swift */; };
		5C1F06DC284A424700ECF2DF /* Main.storyboard in Resources */ = {isa = PBXBuildFile; fileRef = 5C1F06DA284A424700ECF2DF /* Main.storyboard */; };
		5C1F06DE284A424800ECF2DF /* Assets.xcassets in Resources */ = {isa = PBXBuildFile; fileRef = 5C1F06DD284A424800ECF2DF /* Assets.xcassets */; };
		5C1F06E1284A424800ECF2DF /* LaunchScreen.storyboard in Resources */ = {isa = PBXBuildFile; fileRef = 5C1F06DF284A424800ECF2DF /* LaunchScreen.storyboard */; };
		5CD09B8F284E2F8A00BF427C /* CharacterTableViewCell.swift in Sources */ = {isa = PBXBuildFile; fileRef = 5CD09B8E284E2F8A00BF427C /* CharacterTableViewCell.swift */; };
		5CD09B93284E32EB00BF427C /* CharacterTwoTableViewCell.swift in Sources */ = {isa = PBXBuildFile; fileRef = 5CD09B91284E32EB00BF427C /* CharacterTwoTableViewCell.swift */; };
		5CD09B94284E32EB00BF427C /* CharacterTwoTableViewCell.xib in Resources */ = {isa = PBXBuildFile; fileRef = 5CD09B92284E32EB00BF427C /* CharacterTwoTableViewCell.xib */; };
		5CD09B96284E380000BF427C /* DetailViewController.swift in Sources */ = {isa = PBXBuildFile; fileRef = 5CD09B95284E380000BF427C /* DetailViewController.swift */; };
		5CD09B98284EEB9500BF427C /* CharacterCollectionViewController.swift in Sources */ = {isa = PBXBuildFile; fileRef = 5CD09B97284EEB9500BF427C /* CharacterCollectionViewController.swift */; };
		5CD09B9B284EEBCA00BF427C /* CharacterCollectionViewCell.swift in Sources */ = {isa = PBXBuildFile; fileRef = 5CD09B99284EEBCA00BF427C /* CharacterCollectionViewCell.swift */; };
		5CD09B9C284EEBCA00BF427C /* CharacterCollectionViewCell.xib in Resources */ = {isa = PBXBuildFile; fileRef = 5CD09B9A284EEBCA00BF427C /* CharacterCollectionViewCell.xib */; };
/* End PBXBuildFile section */

/* Begin PBXFileReference section */
		5C1F06D1284A424700ECF2DF /* 4_tableview_collection_view_mario.app */ = {isa = PBXFileReference; explicitFileType = wrapper.application; includeInIndex = 0; path = 4_tableview_collection_view_mario.app; sourceTree = BUILT_PRODUCTS_DIR; };
		5C1F06D4284A424700ECF2DF /* AppDelegate.swift */ = {isa = PBXFileReference; lastKnownFileType = sourcecode.swift; path = AppDelegate.swift; sourceTree = "<group>"; };
		5C1F06D6284A424700ECF2DF /* SceneDelegate.swift */ = {isa = PBXFileReference; lastKnownFileType = sourcecode.swift; path = SceneDelegate.swift; sourceTree = "<group>"; };
		5C1F06D8284A424700ECF2DF /* ViewController.swift */ = {isa = PBXFileReference; lastKnownFileType = sourcecode.swift; path = ViewController.swift; sourceTree = "<group>"; };
		5C1F06DB284A424700ECF2DF /* Base */ = {isa = PBXFileReference; lastKnownFileType = file.storyboard; name = Base; path = Base.lproj/Main.storyboard; sourceTree = "<group>"; };
		5C1F06DD284A424800ECF2DF /* Assets.xcassets */ = {isa = PBXFileReference; lastKnownFileType = folder.assetcatalog; path = Assets.xcassets; sourceTree = "<group>"; };
		5C1F06E0284A424800ECF2DF /* Base */ = {isa = PBXFileReference; lastKnownFileType = file.storyboard; name = Base; path = Base.lproj/LaunchScreen.storyboard; sourceTree = "<group>"; };
		5C1F06E2284A424800ECF2DF /* Info.plist */ = {isa = PBXFileReference; lastKnownFileType = text.plist.xml; path = Info.plist; sourceTree = "<group>"; };
		5CD09B8E284E2F8A00BF427C /* CharacterTableViewCell.swift */ = {isa = PBXFileReference; lastKnownFileType = sourcecode.swift; path = CharacterTableViewCell.swift; sourceTree = "<group>"; };
		5CD09B91284E32EB00BF427C /* CharacterTwoTableViewCell.swift */ = {isa = PBXFileReference; lastKnownFileType = sourcecode.swift; path = CharacterTwoTableViewCell.swift; sourceTree = "<group>"; };
		5CD09B92284E32EB00BF427C /* CharacterTwoTableViewCell.xib */ = {isa = PBXFileReference; lastKnownFileType = file.xib; path = CharacterTwoTableViewCell.xib; sourceTree = "<group>"; };
		5CD09B95284E380000BF427C /* DetailViewController.swift */ = {isa = PBXFileReference; lastKnownFileType = sourcecode.swift; path = DetailViewController.swift; sourceTree = "<group>"; };
		5CD09B97284EEB9500BF427C /* CharacterCollectionViewController.swift */ = {isa = PBXFileReference; lastKnownFileType = sourcecode.swift; path = CharacterCollectionViewController.swift; sourceTree = "<group>"; };
		5CD09B99284EEBCA00BF427C /* CharacterCollectionViewCell.swift */ = {isa = PBXFileReference; lastKnownFileType = sourcecode.swift; path = CharacterCollectionViewCell.swift; sourceTree = "<group>"; };
		5CD09B9A284EEBCA00BF427C /* CharacterCollectionViewCell.xib */ = {isa = PBXFileReference; lastKnownFileType = file.xib; path = CharacterCollectionViewCell.xib; sourceTree = "<group>"; };
/* End PBXFileReference section */

/* Begin PBXFrameworksBuildPhase section */
		5C1F06CE284A424700ECF2DF /* Frameworks */ = {
			isa = PBXFrameworksBuildPhase;
			buildActionMask = 2147483647;
			files = (
			);
			runOnlyForDeploymentPostprocessing = 0;
		};
/* End PBXFrameworksBuildPhase section */

/* Begin PBXGroup section */
		5C1F06C8284A424700ECF2DF = {
			isa = PBXGroup;
			children = (
				5C1F06D3284A424700ECF2DF /* 4_tableview_collection_view_mario */,
				5C1F06D2284A424700ECF2DF /* Products */,
			);
			sourceTree = "<group>";
		};
		5C1F06D2284A424700ECF2DF /* Products */ = {
			isa = PBXGroup;
			children = (
				5C1F06D1284A424700ECF2DF /* 4_tableview_collection_view_mario.app */,
			);
			name = Products;
			sourceTree = "<group>";
		};
		5C1F06D3284A424700ECF2DF /* 4_tableview_collection_view_mario */ = {
			isa = PBXGroup;
			children = (
				5CD09B90284E32C500BF427C /* cells */,
				5C1F06D4284A424700ECF2DF /* AppDelegate.swift */,
				5C1F06D6284A424700ECF2DF /* SceneDelegate.swift */,
				5C1F06D8284A424700ECF2DF /* ViewController.swift */,
				5CD09B95284E380000BF427C /* DetailViewController.swift */,
				5C1F06DA284A424700ECF2DF /* Main.storyboard */,
				5CD09B97284EEB9500BF427C /* CharacterCollectionViewController.swift */,
				5C1F06DD284A424800ECF2DF /* Assets.xcassets */,
				5C1F06DF284A424800ECF2DF /* LaunchScreen.storyboard */,
				5C1F06E2284A424800ECF2DF /* Info.plist */,
			);
			path = 4_tableview_collection_view_mario;
			sourceTree = "<group>";
		};
		5CD09B90284E32C500BF427C /* cells */ = {
			isa = PBXGroup;
			children = (
				5CD09B8E284E2F8A00BF427C /* CharacterTableViewCell.swift */,
				5CD09B91284E32EB00BF427C /* CharacterTwoTableViewCell.swift */,
				5CD09B92284E32EB00BF427C /* CharacterTwoTableViewCell.xib */,
				5CD09B99284EEBCA00BF427C /* CharacterCollectionViewCell.swift */,
				5CD09B9A284EEBCA00BF427C /* CharacterCollectionViewCell.xib */,
			);
			path = cells;
			sourceTree = "<group>";
		};
/* End PBXGroup section */

/* Begin PBXNativeTarget section */
		5C1F06D0284A424700ECF2DF /* 4_tableview_collection_view_mario */ = {
			isa = PBXNativeTarget;
			buildConfigurationList = 5C1F06E5284A424800ECF2DF /* Build configuration list for PBXNativeTarget "4_tableview_collection_view_mario" */;
			buildPhases = (
				5C1F06CD284A424700ECF2DF /* Sources */,
				5C1F06CE284A424700ECF2DF /* Frameworks */,
				5C1F06CF284A424700ECF2DF /* Resources */,
			);
			buildRules = (
			);
			dependencies = (
			);
			name = 4_tableview_collection_view_mario;
			productName = 4_tableview_collection_view_mario;
			productReference = 5C1F06D1284A424700ECF2DF /* 4_tableview_collection_view_mario.app */;
			productType = "com.apple.product-type.application";
		};
/* End PBXNativeTarget section */

/* Begin PBXProject section */
		5C1F06C9284A424700ECF2DF /* Project object */ = {
			isa = PBXProject;
			attributes = {
				BuildIndependentTargetsInParallel = 1;
				LastSwiftUpdateCheck = 1320;
				LastUpgradeCheck = 1320;
				TargetAttributes = {
					5C1F06D0284A424700ECF2DF = {
						CreatedOnToolsVersion = 13.2.1;
					};
				};
			};
			buildConfigurationList = 5C1F06CC284A424700ECF2DF /* Build configuration list for PBXProject "4_tableview_collection_view_mario" */;
			compatibilityVersion = "Xcode 13.0";
			developmentRegion = en;
			hasScannedForEncodings = 0;
			knownRegions = (
				en,
				Base,
			);
			mainGroup = 5C1F06C8284A424700ECF2DF;
			productRefGroup = 5C1F06D2284A424700ECF2DF /* Products */;
			projectDirPath = "";
			projectRoot = "";
			targets = (
				5C1F06D0284A424700ECF2DF /* 4_tableview_collection_view_mario */,
			);
		};
/* End PBXProject section */

/* Begin PBXResourcesBuildPhase section */
		5C1F06CF284A424700ECF2DF /* Resources */ = {
			isa = PBXResourcesBuildPhase;
			buildActionMask = 2147483647;
			files = (
				5CD09B94284E32EB00BF427C /* CharacterTwoTableViewCell.xib in Resources */,
				5C1F06E1284A424800ECF2DF /* LaunchScreen.storyboard in Resources */,
				5C1F06DE284A424800ECF2DF /* Assets.xcassets in Resources */,
				5CD09B9C284EEBCA00BF427C /* CharacterCollectionViewCell.xib in Resources */,
				5C1F06DC284A424700ECF2DF /* Main.storyboard in Resources */,
			);
			runOnlyForDeploymentPostprocessing = 0;
		};
/* End PBXResourcesBuildPhase section */

/* Begin PBXSourcesBuildPhase section */
		5C1F06CD284A424700ECF2DF /* Sources */ = {
			isa = PBXSourcesBuildPhase;
			buildActionMask = 2147483647;
			files = (
				5CD09B9B284EEBCA00BF427C /* CharacterCollectionViewCell.swift in Sources */,
				5C1F06D9284A424700ECF2DF /* ViewController.swift in Sources */,
				5C1F06D5284A424700ECF2DF /* AppDelegate.swift in Sources */,
				5CD09B93284E32EB00BF427C /* CharacterTwoTableViewCell.swift in Sources */,
				5CD09B96284E380000BF427C /* DetailViewController.swift in Sources */,
				5C1F06D7284A424700ECF2DF /* SceneDelegate.swift in Sources */,
				5CD09B98284EEB9500BF427C /* CharacterCollectionViewController.swift in Sources */,
				5CD09B8F284E2F8A00BF427C /* CharacterTableViewCell.swift in Sources */,
			);
			runOnlyForDeploymentPostprocessing = 0;
		};
/* End PBXSourcesBuildPhase section */

/* Begin PBXVariantGroup section */
		5C1F06DA284A424700ECF2DF /* Main.storyboard */ = {
			isa = PBXVariantGroup;
			children = (
				5C1F06DB284A424700ECF2DF /* Base */,
			);
			name = Main.storyboard;
			sourceTree = "<group>";
		};
		5C1F06DF284A424800ECF2DF /* LaunchScreen.storyboard */ = {
			isa = PBXVariantGroup;
			children = (
				5C1F06E0284A424800ECF2DF /* Base */,
			);
			name = LaunchScreen.storyboard;
			sourceTree = "<group>";
		};
/* End PBXVariantGroup section */

/* Begin XCBuildConfiguration section */
		5C1F06E3284A424800ECF2DF /* Debug */ = {
			isa = XCBuildConfiguration;
			buildSettings = {
				ALWAYS_SEARCH_USER_PATHS = NO;
				CLANG_ANALYZER_NONNULL = YES;
				CLANG_ANALYZER_NUMBER_OBJECT_CONVERSION = YES_AGGRESSIVE;
				CLANG_CXX_LANGUAGE_STANDARD = "gnu++17";
				CLANG_CXX_LIBRARY = "libc++";
				CLANG_ENABLE_MODULES = YES;
				CLANG_ENABLE_OBJC_ARC = YES;
				CLANG_ENABLE_OBJC_WEAK = YES;
				CLANG_WARN_BLOCK_CAPTURE_AUTORELEASING = YES;
				CLANG_WARN_BOOL_CONVERSION = YES;
				CLANG_WARN_COMMA = YES;
				CLANG_WARN_CONSTANT_CONVERSION = YES;
				CLANG_WARN_DEPRECATED_OBJC_IMPLEMENTATIONS = YES;
				CLANG_WARN_DIRECT_OBJC_ISA_USAGE = YES_ERROR;
				CLANG_WARN_DOCUMENTATION_COMMENTS = YES;
				CLANG_WARN_EMPTY_BODY = YES;
				CLANG_WARN_ENUM_CONVERSION = YES;
				CLANG_WARN_INFINITE_RECURSION = YES;
				CLANG_WARN_INT_CONVERSION = YES;
				CLANG_WARN_NON_LITERAL_NULL_CONVERSION = YES;
				CLANG_WARN_OBJC_IMPLICIT_RETAIN_SELF = YES;
				CLANG_WARN_OBJC_LITERAL_CONVERSION = YES;
				CLANG_WARN_OBJC_ROOT_CLASS = YES_ERROR;
				CLANG_WARN_QUOTED_INCLUDE_IN_FRAMEWORK_HEADER = YES;
				CLANG_WARN_RANGE_LOOP_ANALYSIS = YES;
				CLANG_WARN_STRICT_PROTOTYPES = YES;
				CLANG_WARN_SUSPICIOUS_MOVE = YES;
				CLANG_WARN_UNGUARDED_AVAILABILITY = YES_AGGRESSIVE;
				CLANG_WARN_UNREACHABLE_CODE = YES;
				CLANG_WARN__DUPLICATE_METHOD_MATCH = YES;
				COPY_PHASE_STRIP = NO;
				DEBUG_INFORMATION_FORMAT = dwarf;
				ENABLE_STRICT_OBJC_MSGSEND = YES;
				ENABLE_TESTABILITY = YES;
				GCC_C_LANGUAGE_STANDARD = gnu11;
				GCC_DYNAMIC_NO_PIC = NO;
				GCC_NO_COMMON_BLOCKS = YES;
				GCC_OPTIMIZATION_LEVEL = 0;
				GCC_PREPROCESSOR_DEFINITIONS = (
					"DEBUG=1",
					"$(inherited)",
				);
				GCC_WARN_64_TO_32_BIT_CONVERSION = YES;
				GCC_WARN_ABOUT_RETURN_TYPE = YES_ERROR;
				GCC_WARN_UNDECLARED_SELECTOR = YES;
				GCC_WARN_UNINITIALIZED_AUTOS = YES_AGGRESSIVE;
				GCC_WARN_UNUSED_FUNCTION = YES;
				GCC_WARN_UNUSED_VARIABLE = YES;
				IPHONEOS_DEPLOYMENT_TARGET = 15.2;
				MTL_ENABLE_DEBUG_INFO = INCLUDE_SOURCE;
				MTL_FAST_MATH = YES;
				ONLY_ACTIVE_ARCH = YES;
				SDKROOT = iphoneos;
				SWIFT_ACTIVE_COMPILATION_CONDITIONS = DEBUG;
				SWIFT_OPTIMIZATION_LEVEL = "-Onone";
			};
			name = Debug;
		};
		5C1F06E4284A424800ECF2DF /* Release */ = {
			isa = XCBuildConfiguration;
			buildSettings = {
				ALWAYS_SEARCH_USER_PATHS = NO;
				CLANG_ANALYZER_NONNULL = YES;
				CLANG_ANALYZER_NUMBER_OBJECT_CONVERSION = YES_AGGRESSIVE;
				CLANG_CXX_LANGUAGE_STANDARD = "gnu++17";
				CLANG_CXX_LIBRARY = "libc++";
				CLANG_ENABLE_MODULES = YES;
				CLANG_ENABLE_OBJC_ARC = YES;
				CLANG_ENABLE_OBJC_WEAK = YES;
				CLANG_WARN_BLOCK_CAPTURE_AUTORELEASING = YES;
				CLANG_WARN_BOOL_CONVERSION = YES;
				CLANG_WARN_COMMA = YES;
				CLANG_WARN_CONSTANT_CONVERSION = YES;
				CLANG_WARN_DEPRECATED_OBJC_IMPLEMENTATIONS = YES;
				CLANG_WARN_DIRECT_OBJC_ISA_USAGE = YES_ERROR;
				CLANG_WARN_DOCUMENTATION_COMMENTS = YES;
				CLANG_WARN_EMPTY_BODY = YES;
				CLANG_WARN_ENUM_CONVERSION = YES;
				CLANG_WARN_INFINITE_RECURSION = YES;
				CLANG_WARN_INT_CONVERSION = YES;
				CLANG_WARN_NON_LITERAL_NULL_CONVERSION = YES;
				CLANG_WARN_OBJC_IMPLICIT_RETAIN_SELF = YES;
				CLANG_WARN_OBJC_LITERAL_CONVERSION = YES;
				CLANG_WARN_OBJC_ROOT_CLASS = YES_ERROR;
				CLANG_WARN_QUOTED_INCLUDE_IN_FRAMEWORK_HEADER = YES;
				CLANG_WARN_RANGE_LOOP_ANALYSIS = YES;
				CLANG_WARN_STRICT_PROTOTYPES = YES;
				CLANG_WARN_SUSPICIOUS_MOVE = YES;
				CLANG_WARN_UNGUARDED_AVAILABILITY = YES_AGGRESSIVE;
				CLANG_WARN_UNREACHABLE_CODE = YES;
				CLANG_WARN__DUPLICATE_METHOD_MATCH = YES;
				COPY_PHASE_STRIP = NO;
				DEBUG_INFORMATION_FORMAT = "dwarf-with-dsym";
				ENABLE_NS_ASSERTIONS = NO;
				ENABLE_STRICT_OBJC_MSGSEND = YES;
				GCC_C_LANGUAGE_STANDARD = gnu11;
				GCC_NO_COMMON_BLOCKS = YES;
				GCC_WARN_64_TO_32_BIT_CONVERSION = YES;
				GCC_WARN_ABOUT_RETURN_TYPE = YES_ERROR;
				GCC_WARN_UNDECLARED_SELECTOR = YES;
				GCC_WARN_UNINITIALIZED_AUTOS = YES_AGGRESSIVE;
				GCC_WARN_UNUSED_FUNCTION = YES;
				GCC_WARN_UNUSED_VARIABLE = YES;
				IPHONEOS_DEPLOYMENT_TARGET = 15.2;
				MTL_ENABLE_DEBUG_INFO = NO;
				MTL_FAST_MATH = YES;
				SDKROOT = iphoneos;
				SWIFT_COMPILATION_MODE = wholemodule;
				SWIFT_OPTIMIZATION_LEVEL = "-O";
				VALIDATE_PRODUCT = YES;
			};
			name = Release;
		};
		5C1F06E6284A424800ECF2DF /* Debug */ = {
			isa = XCBuildConfiguration;
			buildSettings = {
				ASSETCATALOG_COMPILER_APPICON_NAME = AppIcon;
				ASSETCATALOG_COMPILER_GLOBAL_ACCENT_COLOR_NAME = AccentColor;
				CODE_SIGN_STYLE = Automatic;
				CURRENT_PROJECT_VERSION = 1;
				DEVELOPMENT_TEAM = 4TD5BBR3HC;
				GENERATE_INFOPLIST_FILE = YES;
				INFOPLIST_FILE = 4_tableview_collection_view_mario/Info.plist;
				INFOPLIST_KEY_UIApplicationSupportsIndirectInputEvents = YES;
				INFOPLIST_KEY_UILaunchStoryboardName = LaunchScreen;
				INFOPLIST_KEY_UIMainStoryboardFile = Main;
				INFOPLIST_KEY_UISupportedInterfaceOrientations_iPad = "UIInterfaceOrientationPortrait UIInterfaceOrientationPortraitUpsideDown UIInterfaceOrientationLandscapeLeft UIInterfaceOrientationLandscapeRight";
				INFOPLIST_KEY_UISupportedInterfaceOrientations_iPhone = "UIInterfaceOrientationPortrait UIInterfaceOrientationLandscapeLeft UIInterfaceOrientationLandscapeRight";
				LD_RUNPATH_SEARCH_PATHS = (
					"$(inherited)",
					"@executable_path/Frameworks",
				);
				MARKETING_VERSION = 1.0;
				PRODUCT_BUNDLE_IDENTIFIER = "com.davidgj.testsui123.--tableview-collection-view-mario";
				PRODUCT_NAME = "$(TARGET_NAME)";
				SWIFT_EMIT_LOC_STRINGS = YES;
				SWIFT_VERSION = 5.0;
				TARGETED_DEVICE_FAMILY = "1,2";
			};
			name = Debug;
		};
		5C1F06E7284A424800ECF2DF /* Release */ = {
			isa = XCBuildConfiguration;
			buildSettings = {
				ASSETCATALOG_COMPILER_APPICON_NAME = AppIcon;
				ASSETCATALOG_COMPILER_GLOBAL_ACCENT_COLOR_NAME = AccentColor;
				CODE_SIGN_STYLE = Automatic;
				CURRENT_PROJECT_VERSION = 1;
				DEVELOPMENT_TEAM = 4TD5BBR3HC;
				GENERATE_INFOPLIST_FILE = YES;
				INFOPLIST_FILE = 4_tableview_collection_view_mario/Info.plist;
				INFOPLIST_KEY_UIApplicationSupportsIndirectInputEvents = YES;
				INFOPLIST_KEY_UILaunchStoryboardName = LaunchScreen;
				INFOPLIST_KEY_UIMainStoryboardFile = Main;
				INFOPLIST_KEY_UISupportedInterfaceOrientations_iPad = "UIInterfaceOrientationPortrait UIInterfaceOrientationPortraitUpsideDown UIInterfaceOrientationLandscapeLeft UIInterfaceOrientationLandscapeRight";
				INFOPLIST_KEY_UISupportedInterfaceOrientations_iPhone = "UIInterfaceOrientationPortrait UIInterfaceOrientationLandscapeLeft UIInterfaceOrientationLandscapeRight";
				LD_RUNPATH_SEARCH_PATHS = (
					"$(inherited)",
					"@executable_path/Frameworks",
				);
				MARKETING_VERSION = 1.0;
				PRODUCT_BUNDLE_IDENTIFIER = "com.davidgj.testsui123.--tableview-collection-view-mario";
				PRODUCT_NAME = "$(TARGET_NAME)";
				SWIFT_EMIT_LOC_STRINGS = YES;
				SWIFT_VERSION = 5.0;
				TARGETED_DEVICE_FAMILY = "1,2";
			};
			name = Release;
		};
/* End XCBuildConfiguration section */

/* Begin XCConfigurationList section */
		5C1F06CC284A424700ECF2DF /* Build configuration list for PBXProject "4_tableview_collection_view_mario" */ = {
			isa = XCConfigurationList;
			buildConfigurations = (
				5C1F06E3284A424800ECF2DF /* Debug */,
				5C1F06E4284A424800ECF2DF /* Release */,
			);
			defaultConfigurationIsVisible = 0;
			defaultConfigurationName = Release;
		};
		5C1F06E5284A424800ECF2DF /* Build configuration list for PBXNativeTarget "4_tableview_collection_view_mario" */ = {
			isa = XCConfigurationList;
			buildConfigurations = (
				5C1F06E6284A424800ECF2DF /* Debug */,
				5C1F06E7284A424800ECF2DF /* Release */,
			);
			defaultConfigurationIsVisible = 0;
			defaultConfigurationName = Release;
		};
/* End XCConfigurationList section */
	};
	rootObject = 5C1F06C9284A424700ECF2DF /* Project object */;
}
